
Microsoft Visual Studio Solution File, Format Version 12.00
# Visual Studio Version 17
VisualStudioVersion = 17.11.35312.102
MinimumVisualStudioVersion = 10.0.40219.1
Project("{FAE04EC0-301F-11D3-BF4B-00C04F79EFBC}") = "LameCalculator", "LameCalculator.csproj", "{6641CF7D-0D3A-4A43-82B2-506AB1AD832F}"
EndProject
Global
	GlobalSection(SolutionConfigurationPlatforms) = preSolution
		Debug|Any CPU = Debug|Any CPU
		Release|Any CPU = Release|Any CPU
	EndGlobalSection
	GlobalSection(ProjectConfigurationPlatforms) = postSolution
		{6641CF7D-0D3A-4A43-82B2-506AB1AD832F}.Debug|Any CPU.ActiveCfg = Debug|Any CPU
		{6641CF7D-0D3A-4A43-82B2-506AB1AD832F}.Debug|Any CPU.Build.0 = Debug|Any CPU
		{6641CF7D-0D3A-4A43-82B2-506AB1AD832F}.Release|Any CPU.ActiveCfg = Release|Any CPU
		{6641CF7D-0D3A-4A43-82B2-506AB1AD832F}.Release|Any CPU.Build.0 = Release|Any CPU
	EndGlobalSection
	GlobalSection(SolutionProperties) = preSolution
		HideSolutionNode = FALSE
	EndGlobalSection
	GlobalSection(ExtensibilityGlobals) = postSolution
		SolutionGuid = {882138A6-8A83-471C-A141-4E5150A1937C}
	EndGlobalSection
EndGlobal
